
Microsoft Visual Studio Solution File, Format Version 12.00
# Visual Studio Version 16
VisualStudioVersion = 16.0.33801.447
MinimumVisualStudioVersion = 10.0.40219.1
Project("{FAE04EC0-301F-11D3-BF4B-00C04F79EFBC}") = "DelegatePrac", "DelegatePrac\DelegatePrac.csproj", "{70161B5C-586C-47FA-91BD-5EC199E17CEC}"
EndProject
Global
	GlobalSection(SolutionConfigurationPlatforms) = preSolution
		Debug|Any CPU = Debug|Any CPU
		Release|Any CPU = Release|Any CPU
	EndGlobalSection
	GlobalSection(ProjectConfigurationPlatforms) = postSolution
		{70161B5C-586C-47FA-91BD-5EC199E17CEC}.Debug|Any CPU.ActiveCfg = Debug|Any CPU
		{70161B5C-586C-47FA-91BD-5EC199E17CEC}.Debug|Any CPU.Build.0 = Debug|Any CPU
		{70161B5C-586C-47FA-91BD-5EC199E17CEC}.Release|Any CPU.ActiveCfg = Release|Any CPU
		{70161B5C-586C-47FA-91BD-5EC199E17CEC}.Release|Any CPU.Build.0 = Release|Any CPU
	EndGlobalSection
	GlobalSection(SolutionProperties) = preSolution
		HideSolutionNode = FALSE
	EndGlobalSection
	GlobalSection(ExtensibilityGlobals) = postSolution
		SolutionGuid = {709305DC-46F1-4381-8D60-29AD69D721FA}
	EndGlobalSection
EndGlobal
